
Microsoft Visual Studio Solution File, Format Version 12.00
# Visual Studio Version 17
VisualStudioVersion = 17.4.33122.133
MinimumVisualStudioVersion = 10.0.40219.1
Project("{FAE04EC0-301F-11D3-BF4B-00C04F79EFBC}") = "Hangman Antwoord", "Hangman Antwoord\Hangman Antwoord.csproj", "{BBA8C1C6-26DD-4C67-9A40-1AC66C3F03CB}"
EndProject
Global
	GlobalSection(SolutionConfigurationPlatforms) = preSolution
		Debug|Any CPU = Debug|Any CPU
		Release|Any CPU = Release|Any CPU
	EndGlobalSection
	GlobalSection(ProjectConfigurationPlatforms) = postSolution
		{BBA8C1C6-26DD-4C67-9A40-1AC66C3F03CB}.Debug|Any CPU.ActiveCfg = Debug|Any CPU
		{BBA8C1C6-26DD-4C67-9A40-1AC66C3F03CB}.Debug|Any CPU.Build.0 = Debug|Any CPU
		{BBA8C1C6-26DD-4C67-9A40-1AC66C3F03CB}.Release|Any CPU.ActiveCfg = Release|Any CPU
		{BBA8C1C6-26DD-4C67-9A40-1AC66C3F03CB}.Release|Any CPU.Build.0 = Release|Any CPU
	EndGlobalSection
	GlobalSection(SolutionProperties) = preSolution
		HideSolutionNode = FALSE
	EndGlobalSection
	GlobalSection(ExtensibilityGlobals) = postSolution
		SolutionGuid = {1FFA0474-E062-4247-8A42-F8733A1D392B}
	EndGlobalSection
EndGlobal
